
Microsoft Visual Studio Solution File, Format Version 11.00
# Visual Studio 2010
Project("{8BC9CEB8-8B4A-11D0-8D11-00A0C91BC942}") = "iDisasm", "iDisasm\iDisasm.vcxproj", "{387E6E35-AF9D-442D-80C3-16A374C47C5D}"
EndProject
Global
	GlobalSection(SolutionConfigurationPlatforms) = preSolution
		Debug|Win32 = Debug|Win32
		Dll Debug|Win32 = Dll Debug|Win32
		Dll Release|Win32 = Dll Release|Win32
		Release|Win32 = Release|Win32
	EndGlobalSection
	GlobalSection(ProjectConfigurationPlatforms) = postSolution
		{387E6E35-AF9D-442D-80C3-16A374C47C5D}.Debug|Win32.ActiveCfg = Debug|Win32
		{387E6E35-AF9D-442D-80C3-16A374C47C5D}.Debug|Win32.Build.0 = Debug|Win32
		{387E6E35-AF9D-442D-80C3-16A374C47C5D}.Dll Debug|Win32.ActiveCfg = Dll Debug|Win32
		{387E6E35-AF9D-442D-80C3-16A374C47C5D}.Dll Debug|Win32.Build.0 = Dll Debug|Win32
		{387E6E35-AF9D-442D-80C3-16A374C47C5D}.Dll Release|Win32.ActiveCfg = Dll Release|Win32
		{387E6E35-AF9D-442D-80C3-16A374C47C5D}.Dll Release|Win32.Build.0 = Dll Release|Win32
		{387E6E35-AF9D-442D-80C3-16A374C47C5D}.Release|Win32.ActiveCfg = Release|Win32
		{387E6E35-AF9D-442D-80C3-16A374C47C5D}.Release|Win32.Build.0 = Release|Win32
	EndGlobalSection
	GlobalSection(SolutionProperties) = preSolution
		HideSolutionNode = FALSE
	EndGlobalSection
EndGlobal
